Microsoft Visual Studio Solution File, Format Version 12.00
# Visual Studio Version 17
VisualStudioVersion = 17.5.2.0
MinimumVisualStudioVersion = 10.0.40219.1
Project("{FAE04EC0-301F-11D3-BF4B-00C04F79EFBC}") = "ProyectoLuisa", "ProyectoLuisa.csproj", "{E4B333AE-D3DA-3D5F-2B6C-ADAD98474986}"
EndProject
Global
	GlobalSection(SolutionConfigurationPlatforms) = preSolution
		Debug|Any CPU = Debug|Any CPU
		Release|Any CPU = Release|Any CPU
	EndGlobalSection
	GlobalSection(ProjectConfigurationPlatforms) = postSolution
		{E4B333AE-D3DA-3D5F-2B6C-ADAD98474986}.Debug|Any CPU.ActiveCfg = Debug|Any CPU
		{E4B333AE-D3DA-3D5F-2B6C-ADAD98474986}.Debug|Any CPU.Build.0 = Debug|Any CPU
		{E4B333AE-D3DA-3D5F-2B6C-ADAD98474986}.Release|Any CPU.ActiveCfg = Release|Any CPU
		{E4B333AE-D3DA-3D5F-2B6C-ADAD98474986}.Release|Any CPU.Build.0 = Release|Any CPU
	EndGlobalSection
	GlobalSection(SolutionProperties) = preSolution
		HideSolutionNode = FALSE
	EndGlobalSection
	GlobalSection(ExtensibilityGlobals) = postSolution
		SolutionGuid = {BA50824A-5C79-434E-9687-B41C7B0389E6}
	EndGlobalSection
EndGlobal
